
Microsoft Visual Studio Solution File, Format Version 12.00
# Visual Studio Version 16
VisualStudioVersion = 16.0.29326.143
MinimumVisualStudioVersion = 10.0.40219.1
Project("{FAE04EC0-301F-11D3-BF4B-00C04F79EFBC}") = "AdminPessoal.Android", "AdminPessoal\AdminPessoal.Android\AdminPessoal.Android.csproj", "{523F7871-507A-44F7-834E-F2B4EDDCBC79}"
EndProject
Project("{FAE04EC0-301F-11D3-BF4B-00C04F79EFBC}") = "AdminPessoal", "AdminPessoal\AdminPessoal\AdminPessoal.csproj", "{0022ED4F-F96C-4A3F-8CE7-E186CB331C9E}"
EndProject
Project("{FAE04EC0-301F-11D3-BF4B-00C04F79EFBC}") = "AdminPessoal.UWP", "AdminPessoal\AdminPessoal.UWP\AdminPessoal.UWP.csproj", "{4EAEDD95-72A8-4A0D-B370-8FEB82E6EA19}"
EndProject
Project("{FAE04EC0-301F-11D3-BF4B-00C04F79EFBC}") = "AdminPessoal.iOS", "AdminPessoal\AdminPessoal.iOS\AdminPessoal.iOS.csproj", "{C0C8430F-1BF4-4150-B0A2-DDE506F950AB}"
EndProject
Project("{FAE04EC0-301F-11D3-BF4B-00C04F79EFBC}") = "WebApi", "AdminPessoal\WebApi\WebApi.csproj", "{F7EE5666-A901-4464-82D0-B885F4FE7E37}"
EndProject
Project("{CC5FD16D-436D-48AD-A40C-5A424C6E3E79}") = "WebApi.Azure", "AdminPessoal\WebApi.Azure\WebApi.Azure.ccproj", "{DA198355-33FE-4731-A2E4-203B6BCD0D0B}"
EndProject
Global
	GlobalSection(SolutionConfigurationPlatforms) = preSolution
		Ad-Hoc|Any CPU = Ad-Hoc|Any CPU
		Ad-Hoc|ARM = Ad-Hoc|ARM
		Ad-Hoc|iPhone = Ad-Hoc|iPhone
		Ad-Hoc|iPhoneSimulator = Ad-Hoc|iPhoneSimulator
		Ad-Hoc|x64 = Ad-Hoc|x64
		Ad-Hoc|x86 = Ad-Hoc|x86
		AppStore|Any CPU = AppStore|Any CPU
		AppStore|ARM = AppStore|ARM
		AppStore|iPhone = AppStore|iPhone
		AppStore|iPhoneSimulator = AppStore|iPhoneSimulator
		AppStore|x64 = AppStore|x64
		AppStore|x86 = AppStore|x86
		Debug|Any CPU = Debug|Any CPU
		Debug|ARM = Debug|ARM
		Debug|iPhone = Debug|iPhone
		Debug|iPhoneSimulator = Debug|iPhoneSimulator
		Debug|x64 = Debug|x64
		Debug|x86 = Debug|x86
		Release|Any CPU = Release|Any CPU
		Release|ARM = Release|ARM
		Release|iPhone = Release|iPhone
		Release|iPhoneSimulator = Release|iPhoneSimulator
		Release|x64 = Release|x64
		Release|x86 = Release|x86
	EndGlobalSection
	GlobalSection(ProjectConfigurationPlatforms) = postSolution
		{523F7871-507A-44F7-834E-F2B4EDDCBC79}.Ad-Hoc|Any CPU.ActiveCfg = Release|Any CPU
		{523F7871-507A-44F7-834E-F2B4EDDCBC79}.Ad-Hoc|Any CPU.Build.0 = Release|Any CPU
		{523F7871-507A-44F7-834E-F2B4EDDCBC79}.Ad-Hoc|Any CPU.Deploy.0 = Release|Any CPU
		{523F7871-507A-44F7-834E-F2B4EDDCBC79}.Ad-Hoc|ARM.ActiveCfg = Release|Any CPU
		{523F7871-507A-44F7-834E-F2B4EDDCBC79}.Ad-Hoc|ARM.Build.0 = Release|Any CPU
		{523F7871-507A-44F7-834E-F2B4EDDCBC79}.Ad-Hoc|ARM.Deploy.0 = Release|Any CPU
		{523F7871-507A-44F7-834E-F2B4EDDCBC79}.Ad-Hoc|iPhone.ActiveCfg = Release|Any CPU
		{523F7871-507A-44F7-834E-F2B4EDDCBC79}.Ad-Hoc|iPhone.Build.0 = Release|Any CPU
		{523F7871-507A-44F7-834E-F2B4EDDCBC79}.Ad-Hoc|iPhone.Deploy.0 = Release|Any CPU
		{523F7871-507A-44F7-834E-F2B4EDDCBC79}.Ad-Hoc|iPhoneSimulator.ActiveCfg = Release|Any CPU
		{523F7871-507A-44F7-834E-F2B4EDDCBC79}.Ad-Hoc|iPhoneSimulator.Build.0 = Release|Any CPU
		{523F7871-507A-44F7-834E-F2B4EDDCBC79}.Ad-Hoc|iPhoneSimulator.Deploy.0 = Release|Any CPU
		{523F7871-507A-44F7-834E-F2B4EDDCBC79}.Ad-Hoc|x64.ActiveCfg = Release|Any CPU
		{523F7871-507A-44F7-834E-F2B4EDDCBC79}.Ad-Hoc|x64.Build.0 = Release|Any CPU
		{523F7871-507A-44F7-834E-F2B4EDDCBC79}.Ad-Hoc|x64.Deploy.0 = Release|Any CPU
		{523F7871-507A-44F7-834E-F2B4EDDCBC79}.Ad-Hoc|x86.ActiveCfg = Release|Any CPU
		{523F7871-507A-44F7-834E-F2B4EDDCBC79}.Ad-Hoc|x86.Build.0 = Release|Any CPU
		{523F7871-507A-44F7-834E-F2B4EDDCBC79}.Ad-Hoc|x86.Deploy.0 = Release|Any CPU
		{523F7871-507A-44F7-834E-F2B4EDDCBC79}.AppStore|Any CPU.ActiveCfg = Release|Any CPU
		{523F7871-507A-44F7-834E-F2B4EDDCBC79}.AppStore|Any CPU.Build.0 = Release|Any CPU
		{523F7871-507A-44F7-834E-F2B4EDDCBC79}.AppStore|Any CPU.Deploy.0 = Release|Any CPU
		{523F7871-507A-44F7-834E-F2B4EDDCBC79}.AppStore|ARM.ActiveCfg = Release|Any CPU
		{523F7871-507A-44F7-834E-F2B4EDDCBC79}.AppStore|ARM.Build.0 = Release|Any CPU
		{523F7871-507A-44F7-834E-F2B4EDDCBC79}.AppStore|ARM.Deploy.0 = Release|Any CPU
		{523F7871-507A-44F7-834E-F2B4EDDCBC79}.AppStore|iPhone.ActiveCfg = Release|Any CPU
		{523F7871-507A-44F7-834E-F2B4EDDCBC79}.AppStore|iPhone.Build.0 = Release|Any CPU
		{523F7871-507A-44F7-834E-F2B4EDDCBC79}.AppStore|iPhone.Deploy.0 = Release|Any CPU
		{523F7871-507A-44F7-834E-F2B4EDDCBC79}.AppStore|iPhoneSimulator.ActiveCfg = Release|Any CPU
		{523F7871-507A-44F7-834E-F2B4EDDCBC79}.AppStore|iPhoneSimulator.Build.0 = Release|Any CPU
		{523F7871-507A-44F7-834E-F2B4EDDCBC79}.AppStore|iPhoneSimulator.Deploy.0 = Release|Any CPU
		{523F7871-507A-44F7-834E-F2B4EDDCBC79}.AppStore|x64.ActiveCfg = Release|Any CPU
		{523F7871-507A-44F7-834E-F2B4EDDCBC79}.AppStore|x64.Build.0 = Release|Any CPU
		{523F7871-507A-44F7-834E-F2B4EDDCBC79}.AppStore|x64.Deploy.0 = Release|Any CPU
		{523F7871-507A-44F7-834E-F2B4EDDCBC79}.AppStore|x86.ActiveCfg = Release|Any CPU
		{523F7871-507A-44F7-834E-F2B4EDDCBC79}.AppStore|x86.Build.0 = Release|Any CPU
		{523F7871-507A-44F7-834E-F2B4EDDCBC79}.AppStore|x86.Deploy.0 = Release|Any CPU
		{523F7871-507A-44F7-834E-F2B4EDDCBC79}.Debug|Any CPU.ActiveCfg = Debug|Any CPU
		{523F7871-507A-44F7-834E-F2B4EDDCBC79}.Debug|Any CPU.Build.0 = Debug|Any CPU
		{523F7871-507A-44F7-834E-F2B4EDDCBC79}.Debug|Any CPU.Deploy.0 = Debug|Any CPU
		{523F7871-507A-44F7-834E-F2B4EDDCBC79}.Debug|ARM.ActiveCfg = Debug|Any CPU
		{523F7871-507A-44F7-834E-F2B4EDDCBC79}.Debug|ARM.Build.0 = Debug|Any CPU
		{523F7871-507A-44F7-834E-F2B4EDDCBC79}.Debug|ARM.Deploy.0 = Debug|Any CPU
		{523F7871-507A-44F7-834E-F2B4EDDCBC79}.Debug|iPhone.ActiveCfg = Debug|Any CPU
		{523F7871-507A-44F7-834E-F2B4EDDCBC79}.Debug|iPhone.Build.0 = Debug|Any CPU
		{523F7871-507A-44F7-834E-F2B4EDDCBC79}.Debug|iPhone.Deploy.0 = Debug|Any CPU
		{523F7871-507A-44F7-834E-F2B4EDDCBC79}.Debug|iPhoneSimulator.ActiveCfg = Debug|Any CPU
		{523F7871-507A-44F7-834E-F2B4EDDCBC79}.Debug|iPhoneSimulator.Build.0 = Debug|Any CPU
		{523F7871-507A-44F7-834E-F2B4EDDCBC79}.Debug|iPhoneSimulator.Deploy.0 = Debug|Any CPU
		{523F7871-507A-44F7-834E-F2B4EDDCBC79}.Debug|x64.ActiveCfg = Debug|Any CPU
		{523F7871-507A-44F7-834E-F2B4EDDCBC79}.Debug|x64.Build.0 = Debug|Any CPU
		{523F7871-507A-44F7-834E-F2B4EDDCBC79}.Debug|x64.Deploy.0 = Debug|Any CPU
		{523F7871-507A-44F7-834E-F2B4EDDCBC79}.Debug|x86.ActiveCfg = Debug|Any CPU
		{523F7871-507A-44F7-834E-F2B4EDDCBC79}.Debug|x86.Build.0 = Debug|Any CPU
		{523F7871-507A-44F7-834E-F2B4EDDCBC79}.Debug|x86.Deploy.0 = Debug|Any CPU
		{523F7871-507A-44F7-834E-F2B4EDDCBC79}.Release|Any CPU.ActiveCfg = Release|Any CPU
		{523F7871-507A-44F7-834E-F2B4EDDCBC79}.Release|Any CPU.Build.0 = Release|Any CPU
		{523F7871-507A-44F7-834E-F2B4EDDCBC79}.Release|Any CPU.Deploy.0 = Release|Any CPU
		{523F7871-507A-44F7-834E-F2B4EDDCBC79}.Release|ARM.ActiveCfg = Release|Any CPU
		{523F7871-507A-44F7-834E-F2B4EDDCBC79}.Release|ARM.Build.0 = Release|Any CPU
		{523F7871-507A-44F7-834E-F2B4EDDCBC79}.Release|ARM.Deploy.0 = Release|Any CPU
		{523F7871-507A-44F7-834E-F2B4EDDCBC79}.Release|iPhone.ActiveCfg = Release|Any CPU
		{523F7871-507A-44F7-834E-F2B4EDDCBC79}.Release|iPhone.Build.0 = Release|Any CPU
		{523F7871-507A-44F7-834E-F2B4EDDCBC79}.Release|iPhone.Deploy.0 = Release|Any CPU
		{523F7871-507A-44F7-834E-F2B4EDDCBC79}.Release|iPhoneSimulator.ActiveCfg = Release|Any CPU
		{523F7871-507A-44F7-834E-F2B4EDDCBC79}.Release|iPhoneSimulator.Build.0 = Release|Any CPU
		{523F7871-507A-44F7-834E-F2B4EDDCBC79}.Release|iPhoneSimulator.Deploy.0 = Release|Any CPU
		{523F7871-507A-44F7-834E-F2B4EDDCBC79}.Release|x64.ActiveCfg = Release|Any CPU
		{523F7871-507A-44F7-834E-F2B4EDDCBC79}.Release|x64.Build.0 = Release|Any CPU
		{523F7871-507A-44F7-834E-F2B4EDDCBC79}.Release|x64.Deploy.0 = Release|Any CPU
		{523F7871-507A-44F7-834E-F2B4EDDCBC79}.Release|x86.ActiveCfg = Release|Any CPU
		{523F7871-507A-44F7-834E-F2B4EDDCBC79}.Release|x86.Build.0 = Release|Any CPU
		{523F7871-507A-44F7-834E-F2B4EDDCBC79}.Release|x86.Deploy.0 = Release|Any CPU
		{0022ED4F-F96C-4A3F-8CE7-E186CB331C9E}.Ad-Hoc|Any CPU.ActiveCfg = Release|Any CPU
		{0022ED4F-F96C-4A3F-8CE7-E186CB331C9E}.Ad-Hoc|Any CPU.Build.0 = Release|Any CPU
		{0022ED4F-F96C-4A3F-8CE7-E186CB331C9E}.Ad-Hoc|ARM.ActiveCfg = Release|Any CPU
		{0022ED4F-F96C-4A3F-8CE7-E186CB331C9E}.Ad-Hoc|ARM.Build.0 = Release|Any CPU
		{0022ED4F-F96C-4A3F-8CE7-E186CB331C9E}.Ad-Hoc|iPhone.ActiveCfg = Release|Any CPU
		{0022ED4F-F96C-4A3F-8CE7-E186CB331C9E}.Ad-Hoc|iPhone.Build.0 = Release|Any CPU
		{0022ED4F-F96C-4A3F-8CE7-E186CB331C9E}.Ad-Hoc|iPhoneSimulator.ActiveCfg = Release|Any CPU
		{0022ED4F-F96C-4A3F-8CE7-E186CB331C9E}.Ad-Hoc|iPhoneSimulator.Build.0 = Release|Any CPU
		{0022ED4F-F96C-4A3F-8CE7-E186CB331C9E}.Ad-Hoc|x64.ActiveCfg = Release|Any CPU
		{0022ED4F-F96C-4A3F-8CE7-E186CB331C9E}.Ad-Hoc|x64.Build.0 = Release|Any CPU
		{0022ED4F-F96C-4A3F-8CE7-E186CB331C9E}.Ad-Hoc|x86.ActiveCfg = Release|Any CPU
		{0022ED4F-F96C-4A3F-8CE7-E186CB331C9E}.Ad-Hoc|x86.Build.0 = Release|Any CPU
		{0022ED4F-F96C-4A3F-8CE7-E186CB331C9E}.AppStore|Any CPU.ActiveCfg = Release|Any CPU
		{0022ED4F-F96C-4A3F-8CE7-E186CB331C9E}.AppStore|Any CPU.Build.0 = Release|Any CPU
		{0022ED4F-F96C-4A3F-8CE7-E186CB331C9E}.AppStore|ARM.ActiveCfg = Release|Any CPU
		{0022ED4F-F96C-4A3F-8CE7-E186CB331C9E}.AppStore|ARM.Build.0 = Release|Any CPU
		{0022ED4F-F96C-4A3F-8CE7-E186CB331C9E}.AppStore|iPhone.ActiveCfg = Release|Any CPU
		{0022ED4F-F96C-4A3F-8CE7-E186CB331C9E}.AppStore|iPhone.Build.0 = Release|Any CPU
		{0022ED4F-F96C-4A3F-8CE7-E186CB331C9E}.AppStore|iPhoneSimulator.ActiveCfg = Release|Any CPU
		{0022ED4F-F96C-4A3F-8CE7-E186CB331C9E}.AppStore|iPhoneSimulator.Build.0 = Release|Any CPU
		{0022ED4F-F96C-4A3F-8CE7-E186CB331C9E}.AppStore|x64.ActiveCfg = Release|Any CPU
		{0022ED4F-F96C-4A3F-8CE7-E186CB331C9E}.AppStore|x64.Build.0 = Release|Any CPU
		{0022ED4F-F96C-4A3F-8CE7-E186CB331C9E}.AppStore|x86.ActiveCfg = Release|Any CPU
		{0022ED4F-F96C-4A3F-8CE7-E186CB331C9E}.AppStore|x86.Build.0 = Release|Any CPU
		{0022ED4F-F96C-4A3F-8CE7-E186CB331C9E}.Debug|Any CPU.ActiveCfg = Debug|Any CPU
		{0022ED4F-F96C-4A3F-8CE7-E186CB331C9E}.Debug|Any CPU.Build.0 = Debug|Any CPU
		{0022ED4F-F96C-4A3F-8CE7-E186CB331C9E}.Debug|ARM.ActiveCfg = Debug|Any CPU
		{0022ED4F-F96C-4A3F-8CE7-E186CB331C9E}.Debug|ARM.Build.0 = Debug|Any CPU
		{0022ED4F-F96C-4A3F-8CE7-E186CB331C9E}.Debug|iPhone.ActiveCfg = Debug|Any CPU
		{0022ED4F-F96C-4A3F-8CE7-E186CB331C9E}.Debug|iPhone.Build.0 = Debug|Any CPU
		{0022ED4F-F96C-4A3F-8CE7-E186CB331C9E}.Debug|iPhoneSimulator.ActiveCfg = Debug|Any CPU
		{0022ED4F-F96C-4A3F-8CE7-E186CB331C9E}.Debug|iPhoneSimulator.Build.0 = Debug|Any CPU
		{0022ED4F-F96C-4A3F-8CE7-E186CB331C9E}.Debug|x64.ActiveCfg = Debug|Any CPU
		{0022ED4F-F96C-4A3F-8CE7-E186CB331C9E}.Debug|x64.Build.0 = Debug|Any CPU
		{0022ED4F-F96C-4A3F-8CE7-E186CB331C9E}.Debug|x86.ActiveCfg = Debug|Any CPU
		{0022ED4F-F96C-4A3F-8CE7-E186CB331C9E}.Debug|x86.Build.0 = Debug|Any CPU
		{0022ED4F-F96C-4A3F-8CE7-E186CB331C9E}.Release|Any CPU.ActiveCfg = Release|Any CPU
		{0022ED4F-F96C-4A3F-8CE7-E186CB331C9E}.Release|Any CPU.Build.0 = Release|Any CPU
		{0022ED4F-F96C-4A3F-8CE7-E186CB331C9E}.Release|ARM.ActiveCfg = Release|Any CPU
		{0022ED4F-F96C-4A3F-8CE7-E186CB331C9E}.Release|ARM.Build.0 = Release|Any CPU
		{0022ED4F-F96C-4A3F-8CE7-E186CB331C9E}.Release|iPhone.ActiveCfg = Release|Any CPU
		{0022ED4F-F96C-4A3F-8CE7-E186CB331C9E}.Release|iPhone.Build.0 = Release|Any CPU
		{0022ED4F-F96C-4A3F-8CE7-E186CB331C9E}.Release|iPhoneSimulator.ActiveCfg = Release|Any CPU
		{0022ED4F-F96C-4A3F-8CE7-E186CB331C9E}.Release|iPhoneSimulator.Build.0 = Release|Any CPU
		{0022ED4F-F96C-4A3F-8CE7-E186CB331C9E}.Release|x64.ActiveCfg = Release|Any CPU
		{0022ED4F-F96C-4A3F-8CE7-E186CB331C9E}.Release|x64.Build.0 = Release|Any CPU
		{0022ED4F-F96C-4A3F-8CE7-E186CB331C9E}.Release|x86.ActiveCfg = Release|Any CPU
		{0022ED4F-F96C-4A3F-8CE7-E186CB331C9E}.Release|x86.Build.0 = Release|Any CPU
		{4EAEDD95-72A8-4A0D-B370-8FEB82E6EA19}.Ad-Hoc|Any CPU.ActiveCfg = Release|x86
		{4EAEDD95-72A8-4A0D-B370-8FEB82E6EA19}.Ad-Hoc|Any CPU.Build.0 = Release|x86
		{4EAEDD95-72A8-4A0D-B370-8FEB82E6EA19}.Ad-Hoc|Any CPU.Deploy.0 = Release|x86
		{4EAEDD95-72A8-4A0D-B370-8FEB82E6EA19}.Ad-Hoc|ARM.ActiveCfg = Release|ARM
		{4EAEDD95-72A8-4A0D-B370-8FEB82E6EA19}.Ad-Hoc|ARM.Build.0 = Release|ARM
		{4EAEDD95-72A8-4A0D-B370-8FEB82E6EA19}.Ad-Hoc|ARM.Deploy.0 = Release|ARM
		{4EAEDD95-72A8-4A0D-B370-8FEB82E6EA19}.Ad-Hoc|iPhone.ActiveCfg = Release|x86
		{4EAEDD95-72A8-4A0D-B370-8FEB82E6EA19}.Ad-Hoc|iPhone.Build.0 = Release|x86
		{4EAEDD95-72A8-4A0D-B370-8FEB82E6EA19}.Ad-Hoc|iPhone.Deploy.0 = Release|x86
		{4EAEDD95-72A8-4A0D-B370-8FEB82E6EA19}.Ad-Hoc|iPhoneSimulator.ActiveCfg = Release|x86
		{4EAEDD95-72A8-4A0D-B370-8FEB82E6EA19}.Ad-Hoc|iPhoneSimulator.Build.0 = Release|x86
		{4EAEDD95-72A8-4A0D-B370-8FEB82E6EA19}.Ad-Hoc|iPhoneSimulator.Deploy.0 = Release|x86
		{4EAEDD95-72A8-4A0D-B370-8FEB82E6EA19}.Ad-Hoc|x64.ActiveCfg = Release|x64
		{4EAEDD95-72A8-4A0D-B370-8FEB82E6EA19}.Ad-Hoc|x64.Build.0 = Release|x64
		{4EAEDD95-72A8-4A0D-B370-8FEB82E6EA19}.Ad-Hoc|x64.Deploy.0 = Release|x64
		{4EAEDD95-72A8-4A0D-B370-8FEB82E6EA19}.Ad-Hoc|x86.ActiveCfg = Release|x86
		{4EAEDD95-72A8-4A0D-B370-8FEB82E6EA19}.Ad-Hoc|x86.Build.0 = Release|x86
		{4EAEDD95-72A8-4A0D-B370-8FEB82E6EA19}.Ad-Hoc|x86.Deploy.0 = Release|x86
		{4EAEDD95-72A8-4A0D-B370-8FEB82E6EA19}.AppStore|Any CPU.ActiveCfg = Release|x86
		{4EAEDD95-72A8-4A0D-B370-8FEB82E6EA19}.AppStore|Any CPU.Build.0 = Release|x86
		{4EAEDD95-72A8-4A0D-B370-8FEB82E6EA19}.AppStore|Any CPU.Deploy.0 = Release|x86
		{4EAEDD95-72A8-4A0D-B370-8FEB82E6EA19}.AppStore|ARM.ActiveCfg = Release|ARM
		{4EAEDD95-72A8-4A0D-B370-8FEB82E6EA19}.AppStore|ARM.Build.0 = Release|ARM
		{4EAEDD95-72A8-4A0D-B370-8FEB82E6EA19}.AppStore|ARM.Deploy.0 = Release|ARM
		{4EAEDD95-72A8-4A0D-B370-8FEB82E6EA19}.AppStore|iPhone.ActiveCfg = Release|x86
		{4EAEDD95-72A8-4A0D-B370-8FEB82E6EA19}.AppStore|iPhone.Build.0 = Release|x86
		{4EAEDD95-72A8-4A0D-B370-8FEB82E6EA19}.AppStore|iPhone.Deploy.0 = Release|x86
		{4EAEDD95-72A8-4A0D-B370-8FEB82E6EA19}.AppStore|iPhoneSimulator.ActiveCfg = Release|x86
		{4EAEDD95-72A8-4A0D-B370-8FEB82E6EA19}.AppStore|iPhoneSimulator.Build.0 = Release|x86
		{4EAEDD95-72A8-4A0D-B370-8FEB82E6EA19}.AppStore|iPhoneSimulator.Deploy.0 = Release|x86
		{4EAEDD95-72A8-4A0D-B370-8FEB82E6EA19}.AppStore|x64.ActiveCfg = Release|x64
		{4EAEDD95-72A8-4A0D-B370-8FEB82E6EA19}.AppStore|x64.Build.0 = Release|x64
		{4EAEDD95-72A8-4A0D-B370-8FEB82E6EA19}.AppStore|x64.Deploy.0 = Release|x64
		{4EAEDD95-72A8-4A0D-B370-8FEB82E6EA19}.AppStore|x86.ActiveCfg = Release|x86
		{4EAEDD95-72A8-4A0D-B370-8FEB82E6EA19}.AppStore|x86.Build.0 = Release|x86
		{4EAEDD95-72A8-4A0D-B370-8FEB82E6EA19}.AppStore|x86.Deploy.0 = Release|x86
		{4EAEDD95-72A8-4A0D-B370-8FEB82E6EA19}.Debug|Any CPU.ActiveCfg = Debug|x86
		{4EAEDD95-72A8-4A0D-B370-8FEB82E6EA19}.Debug|ARM.ActiveCfg = Debug|ARM
		{4EAEDD95-72A8-4A0D-B370-8FEB82E6EA19}.Debug|ARM.Build.0 = Debug|ARM
		{4EAEDD95-72A8-4A0D-B370-8FEB82E6EA19}.Debug|ARM.Deploy.0 = Debug|ARM
		{4EAEDD95-72A8-4A0D-B370-8FEB82E6EA19}.Debug|iPhone.ActiveCfg = Debug|x86
		{4EAEDD95-72A8-4A0D-B370-8FEB82E6EA19}.Debug|iPhoneSimulator.ActiveCfg = Debug|x86
		{4EAEDD95-72A8-4A0D-B370-8FEB82E6EA19}.Debug|x64.ActiveCfg = Debug|x64
		{4EAEDD95-72A8-4A0D-B370-8FEB82E6EA19}.Debug|x64.Build.0 = Debug|x64
		{4EAEDD95-72A8-4A0D-B370-8FEB82E6EA19}.Debug|x64.Deploy.0 = Debug|x64
		{4EAEDD95-72A8-4A0D-B370-8FEB82E6EA19}.Debug|x86.ActiveCfg = Debug|x86
		{4EAEDD95-72A8-4A0D-B370-8FEB82E6EA19}.Debug|x86.Build.0 = Debug|x86
		{4EAEDD95-72A8-4A0D-B370-8FEB82E6EA19}.Debug|x86.Deploy.0 = Debug|x86
		{4EAEDD95-72A8-4A0D-B370-8FEB82E6EA19}.Release|Any CPU.ActiveCfg = Release|x86
		{4EAEDD95-72A8-4A0D-B370-8FEB82E6EA19}.Release|ARM.ActiveCfg = Release|ARM
		{4EAEDD95-72A8-4A0D-B370-8FEB82E6EA19}.Release|ARM.Build.0 = Release|ARM
		{4EAEDD95-72A8-4A0D-B370-8FEB82E6EA19}.Release|ARM.Deploy.0 = Release|ARM
		{4EAEDD95-72A8-4A0D-B370-8FEB82E6EA19}.Release|iPhone.ActiveCfg = Release|x86
		{4EAEDD95-72A8-4A0D-B370-8FEB82E6EA19}.Release|iPhoneSimulator.ActiveCfg = Release|x86
		{4EAEDD95-72A8-4A0D-B370-8FEB82E6EA19}.Release|x64.ActiveCfg = Release|x64
		{4EAEDD95-72A8-4A0D-B370-8FEB82E6EA19}.Release|x64.Build.0 = Release|x64
		{4EAEDD95-72A8-4A0D-B370-8FEB82E6EA19}.Release|x64.Deploy.0 = Release|x64
		{4EAEDD95-72A8-4A0D-B370-8FEB82E6EA19}.Release|x86.ActiveCfg = Release|x86
		{4EAEDD95-72A8-4A0D-B370-8FEB82E6EA19}.Release|x86.Build.0 = Release|x86
		{4EAEDD95-72A8-4A0D-B370-8FEB82E6EA19}.Release|x86.Deploy.0 = Release|x86
		{C0C8430F-1BF4-4150-B0A2-DDE506F950AB}.Ad-Hoc|Any CPU.ActiveCfg = Ad-Hoc|iPhone
		{C0C8430F-1BF4-4150-B0A2-DDE506F950AB}.Ad-Hoc|ARM.ActiveCfg = Ad-Hoc|iPhone
		{C0C8430F-1BF4-4150-B0A2-DDE506F950AB}.Ad-Hoc|iPhone.ActiveCfg = Ad-Hoc|iPhone
		{C0C8430F-1BF4-4150-B0A2-DDE506F950AB}.Ad-Hoc|iPhone.Build.0 = Ad-Hoc|iPhone
		{C0C8430F-1BF4-4150-B0A2-DDE506F950AB}.Ad-Hoc|iPhoneSimulator.ActiveCfg = Ad-Hoc|iPhoneSimulator
		{C0C8430F-1BF4-4150-B0A2-DDE506F950AB}.Ad-Hoc|iPhoneSimulator.Build.0 = Ad-Hoc|iPhoneSimulator
		{C0C8430F-1BF4-4150-B0A2-DDE506F950AB}.Ad-Hoc|x64.ActiveCfg = Ad-Hoc|iPhone
		{C0C8430F-1BF4-4150-B0A2-DDE506F950AB}.Ad-Hoc|x86.ActiveCfg = Ad-Hoc|iPhone
		{C0C8430F-1BF4-4150-B0A2-DDE506F950AB}.AppStore|Any CPU.ActiveCfg = AppStore|iPhone
		{C0C8430F-1BF4-4150-B0A2-DDE506F950AB}.AppStore|ARM.ActiveCfg = AppStore|iPhone
		{C0C8430F-1BF4-4150-B0A2-DDE506F950AB}.AppStore|iPhone.ActiveCfg = AppStore|iPhone
		{C0C8430F-1BF4-4150-B0A2-DDE506F950AB}.AppStore|iPhone.Build.0 = AppStore|iPhone
		{C0C8430F-1BF4-4150-B0A2-DDE506F950AB}.AppStore|iPhoneSimulator.ActiveCfg = AppStore|iPhoneSimulator
		{C0C8430F-1BF4-4150-B0A2-DDE506F950AB}.AppStore|iPhoneSimulator.Build.0 = AppStore|iPhoneSimulator
		{C0C8430F-1BF4-4150-B0A2-DDE506F950AB}.AppStore|x64.ActiveCfg = AppStore|iPhone
		{C0C8430F-1BF4-4150-B0A2-DDE506F950AB}.AppStore|x86.ActiveCfg = AppStore|iPhone
		{C0C8430F-1BF4-4150-B0A2-DDE506F950AB}.Debug|Any CPU.ActiveCfg = Debug|iPhone
		{C0C8430F-1BF4-4150-B0A2-DDE506F950AB}.Debug|ARM.ActiveCfg = Debug|iPhone
		{C0C8430F-1BF4-4150-B0A2-DDE506F950AB}.Debug|iPhone.ActiveCfg = Debug|iPhone
		{C0C8430F-1BF4-4150-B0A2-DDE506F950AB}.Debug|iPhone.Build.0 = Debug|iPhone
		{C0C8430F-1BF4-4150-B0A2-DDE506F950AB}.Debug|iPhoneSimulator.ActiveCfg = Debug|iPhoneSimulator
		{C0C8430F-1BF4-4150-B0A2-DDE506F950AB}.Debug|iPhoneSimulator.Build.0 = Debug|iPhoneSimulator
		{C0C8430F-1BF4-4150-B0A2-DDE506F950AB}.Debug|x64.ActiveCfg = Debug|iPhone
		{C0C8430F-1BF4-4150-B0A2-DDE506F950AB}.Debug|x86.ActiveCfg = Debug|iPhone
		{C0C8430F-1BF4-4150-B0A2-DDE506F950AB}.Release|Any CPU.ActiveCfg = Release|iPhone
		{C0C8430F-1BF4-4150-B0A2-DDE506F950AB}.Release|ARM.ActiveCfg = Release|iPhone
		{C0C8430F-1BF4-4150-B0A2-DDE506F950AB}.Release|iPhone.ActiveCfg = Release|iPhone
		{C0C8430F-1BF4-4150-B0A2-DDE506F950AB}.Release|iPhone.Build.0 = Release|iPhone
		{C0C8430F-1BF4-4150-B0A2-DDE506F950AB}.Release|iPhoneSimulator.ActiveCfg = Release|iPhoneSimulator
		{C0C8430F-1BF4-4150-B0A2-DDE506F950AB}.Release|iPhoneSimulator.Build.0 = Release|iPhoneSimulator
		{C0C8430F-1BF4-4150-B0A2-DDE506F950AB}.Release|x64.ActiveCfg = Release|iPhone
		{C0C8430F-1BF4-4150-B0A2-DDE506F950AB}.Release|x86.ActiveCfg = Release|iPhone
		{F7EE5666-A901-4464-82D0-B885F4FE7E37}.Ad-Hoc|Any CPU.ActiveCfg = Release|Any CPU
		{F7EE5666-A901-4464-82D0-B885F4FE7E37}.Ad-Hoc|Any CPU.Build.0 = Release|Any CPU
		{F7EE5666-A901-4464-82D0-B885F4FE7E37}.Ad-Hoc|ARM.ActiveCfg = Release|Any CPU
		{F7EE5666-A901-4464-82D0-B885F4FE7E37}.Ad-Hoc|ARM.Build.0 = Release|Any CPU
		{F7EE5666-A901-4464-82D0-B885F4FE7E37}.Ad-Hoc|iPhone.ActiveCfg = Release|Any CPU
		{F7EE5666-A901-4464-82D0-B885F4FE7E37}.Ad-Hoc|iPhone.Build.0 = Release|Any CPU
		{F7EE5666-A901-4464-82D0-B885F4FE7E37}.Ad-Hoc|iPhoneSimulator.ActiveCfg = Release|Any CPU
		{F7EE5666-A901-4464-82D0-B885F4FE7E37}.Ad-Hoc|iPhoneSimulator.Build.0 = Release|Any CPU
		{F7EE5666-A901-4464-82D0-B885F4FE7E37}.Ad-Hoc|x64.ActiveCfg = Release|Any CPU
		{F7EE5666-A901-4464-82D0-B885F4FE7E37}.Ad-Hoc|x64.Build.0 = Release|Any CPU
		{F7EE5666-A901-4464-82D0-B885F4FE7E37}.Ad-Hoc|x86.ActiveCfg = Release|Any CPU
		{F7EE5666-A901-4464-82D0-B885F4FE7E37}.Ad-Hoc|x86.Build.0 = Release|Any CPU
		{F7EE5666-A901-4464-82D0-B885F4FE7E37}.AppStore|Any CPU.ActiveCfg = Release|Any CPU
		{F7EE5666-A901-4464-82D0-B885F4FE7E37}.AppStore|Any CPU.Build.0 = Release|Any CPU
		{F7EE5666-A901-4464-82D0-B885F4FE7E37}.AppStore|ARM.ActiveCfg = Release|Any CPU
		{F7EE5666-A901-4464-82D0-B885F4FE7E37}.AppStore|ARM.Build.0 = Release|Any CPU
		{F7EE5666-A901-4464-82D0-B885F4FE7E37}.AppStore|iPhone.ActiveCfg = Release|Any CPU
		{F7EE5666-A901-4464-82D0-B885F4FE7E37}.AppStore|iPhone.Build.0 = Release|Any CPU
		{F7EE5666-A901-4464-82D0-B885F4FE7E37}.AppStore|iPhoneSimulator.ActiveCfg = Release|Any CPU
		{F7EE5666-A901-4464-82D0-B885F4FE7E37}.AppStore|iPhoneSimulator.Build.0 = Release|Any CPU
		{F7EE5666-A901-4464-82D0-B885F4FE7E37}.AppStore|x64.ActiveCfg = Release|Any CPU
		{F7EE5666-A901-4464-82D0-B885F4FE7E37}.AppStore|x64.Build.0 = Release|Any CPU
		{F7EE5666-A901-4464-82D0-B885F4FE7E37}.AppStore|x86.ActiveCfg = Release|Any CPU
		{F7EE5666-A901-4464-82D0-B885F4FE7E37}.AppStore|x86.Build.0 = Release|Any CPU
		{F7EE5666-A901-4464-82D0-B885F4FE7E37}.Debug|Any CPU.ActiveCfg = Debug|Any CPU
		{F7EE5666-A901-4464-82D0-B885F4FE7E37}.Debug|Any CPU.Build.0 = Debug|Any CPU
		{F7EE5666-A901-4464-82D0-B885F4FE7E37}.Debug|ARM.ActiveCfg = Debug|Any CPU
		{F7EE5666-A901-4464-82D0-B885F4FE7E37}.Debug|ARM.Build.0 = Debug|Any CPU
		{F7EE5666-A901-4464-82D0-B885F4FE7E37}.Debug|iPhone.ActiveCfg = Debug|Any CPU
		{F7EE5666-A901-4464-82D0-B885F4FE7E37}.Debug|iPhone.Build.0 = Debug|Any CPU
		{F7EE5666-A901-4464-82D0-B885F4FE7E37}.Debug|iPhoneSimulator.ActiveCfg = Debug|Any CPU
		{F7EE5666-A901-4464-82D0-B885F4FE7E37}.Debug|iPhoneSimulator.Build.0 = Debug|Any CPU
		{F7EE5666-A901-4464-82D0-B885F4FE7E37}.Debug|x64.ActiveCfg = Debug|Any CPU
		{F7EE5666-A901-4464-82D0-B885F4FE7E37}.Debug|x64.Build.0 = Debug|Any CPU
		{F7EE5666-A901-4464-82D0-B885F4FE7E37}.Debug|x86.ActiveCfg = Debug|Any CPU
		{F7EE5666-A901-4464-82D0-B885F4FE7E37}.Debug|x86.Build.0 = Debug|Any CPU
		{F7EE5666-A901-4464-82D0-B885F4FE7E37}.Release|Any CPU.ActiveCfg = Release|Any CPU
		{F7EE5666-A901-4464-82D0-B885F4FE7E37}.Release|Any CPU.Build.0 = Release|Any CPU
		{F7EE5666-A901-4464-82D0-B885F4FE7E37}.Release|ARM.ActiveCfg = Release|Any CPU
		{F7EE5666-A901-4464-82D0-B885F4FE7E37}.Release|ARM.Build.0 = Release|Any CPU
		{F7EE5666-A901-4464-82D0-B885F4FE7E37}.Release|iPhone.ActiveCfg = Release|Any CPU
		{F7EE5666-A901-4464-82D0-B885F4FE7E37}.Release|iPhone.Build.0 = Release|Any CPU
		{F7EE5666-A901-4464-82D0-B885F4FE7E37}.Release|iPhoneSimulator.ActiveCfg = Release|Any CPU
		{F7EE5666-A901-4464-82D0-B885F4FE7E37}.Release|iPhoneSimulator.Build.0 = Release|Any CPU
		{F7EE5666-A901-4464-82D0-B885F4FE7E37}.Release|x64.ActiveCfg = Release|Any CPU
		{F7EE5666-A901-4464-82D0-B885F4FE7E37}.Release|x64.Build.0 = Release|Any CPU
		{F7EE5666-A901-4464-82D0-B885F4FE7E37}.Release|x86.ActiveCfg = Release|Any CPU
		{F7EE5666-A901-4464-82D0-B885F4FE7E37}.Release|x86.Build.0 = Release|Any CPU
		{DA198355-33FE-4731-A2E4-203B6BCD0D0B}.Ad-Hoc|Any CPU.ActiveCfg = Release|Any CPU
		{DA198355-33FE-4731-A2E4-203B6BCD0D0B}.Ad-Hoc|Any CPU.Build.0 = Release|Any CPU
		{DA198355-33FE-4731-A2E4-203B6BCD0D0B}.Ad-Hoc|ARM.ActiveCfg = Release|Any CPU
		{DA198355-33FE-4731-A2E4-203B6BCD0D0B}.Ad-Hoc|ARM.Build.0 = Release|Any CPU
		{DA198355-33FE-4731-A2E4-203B6BCD0D0B}.Ad-Hoc|iPhone.ActiveCfg = Release|Any CPU
		{DA198355-33FE-4731-A2E4-203B6BCD0D0B}.Ad-Hoc|iPhone.Build.0 = Release|Any CPU
		{DA198355-33FE-4731-A2E4-203B6BCD0D0B}.Ad-Hoc|iPhoneSimulator.ActiveCfg = Release|Any CPU
		{DA198355-33FE-4731-A2E4-203B6BCD0D0B}.Ad-Hoc|iPhoneSimulator.Build.0 = Release|Any CPU
		{DA198355-33FE-4731-A2E4-203B6BCD0D0B}.Ad-Hoc|x64.ActiveCfg = Release|Any CPU
		{DA198355-33FE-4731-A2E4-203B6BCD0D0B}.Ad-Hoc|x64.Build.0 = Release|Any CPU
		{DA198355-33FE-4731-A2E4-203B6BCD0D0B}.Ad-Hoc|x86.ActiveCfg = Release|Any CPU
		{DA198355-33FE-4731-A2E4-203B6BCD0D0B}.Ad-Hoc|x86.Build.0 = Release|Any CPU
		{DA198355-33FE-4731-A2E4-203B6BCD0D0B}.AppStore|Any CPU.ActiveCfg = Release|Any CPU
		{DA198355-33FE-4731-A2E4-203B6BCD0D0B}.AppStore|Any CPU.Build.0 = Release|Any CPU
		{DA198355-33FE-4731-A2E4-203B6BCD0D0B}.AppStore|ARM.ActiveCfg = Release|Any CPU
		{DA198355-33FE-4731-A2E4-203B6BCD0D0B}.AppStore|ARM.Build.0 = Release|Any CPU
		{DA198355-33FE-4731-A2E4-203B6BCD0D0B}.AppStore|iPhone.ActiveCfg = Release|Any CPU
		{DA198355-33FE-4731-A2E4-203B6BCD0D0B}.AppStore|iPhone.Build.0 = Release|Any CPU
		{DA198355-33FE-4731-A2E4-203B6BCD0D0B}.AppStore|iPhoneSimulator.ActiveCfg = Release|Any CPU
		{DA198355-33FE-4731-A2E4-203B6BCD0D0B}.AppStore|iPhoneSimulator.Build.0 = Release|Any CPU
		{DA198355-33FE-4731-A2E4-203B6BCD0D0B}.AppStore|x64.ActiveCfg = Release|Any CPU
		{DA198355-33FE-4731-A2E4-203B6BCD0D0B}.AppStore|x64.Build.0 = Release|Any CPU
		{DA198355-33FE-4731-A2E4-203B6BCD0D0B}.AppStore|x86.ActiveCfg = Release|Any CPU
		{DA198355-33FE-4731-A2E4-203B6BCD0D0B}.AppStore|x86.Build.0 = Release|Any CPU
		{DA198355-33FE-4731-A2E4-203B6BCD0D0B}.Debug|Any CPU.ActiveCfg = Debug|Any CPU
		{DA198355-33FE-4731-A2E4-203B6BCD0D0B}.Debug|Any CPU.Build.0 = Debug|Any CPU
		{DA198355-33FE-4731-A2E4-203B6BCD0D0B}.Debug|ARM.ActiveCfg = Debug|Any CPU
		{DA198355-33FE-4731-A2E4-203B6BCD0D0B}.Debug|ARM.Build.0 = Debug|Any CPU
		{DA198355-33FE-4731-A2E4-203B6BCD0D0B}.Debug|iPhone.ActiveCfg = Debug|Any CPU
		{DA198355-33FE-4731-A2E4-203B6BCD0D0B}.Debug|iPhone.Build.0 = Debug|Any CPU
		{DA198355-33FE-4731-A2E4-203B6BCD0D0B}.Debug|iPhoneSimulator.ActiveCfg = Debug|Any CPU
		{DA198355-33FE-4731-A2E4-203B6BCD0D0B}.Debug|iPhoneSimulator.Build.0 = Debug|Any CPU
		{DA198355-33FE-4731-A2E4-203B6BCD0D0B}.Debug|x64.ActiveCfg = Debug|Any CPU
		{DA198355-33FE-4731-A2E4-203B6BCD0D0B}.Debug|x64.Build.0 = Debug|Any CPU
		{DA198355-33FE-4731-A2E4-203B6BCD0D0B}.Debug|x86.ActiveCfg = Debug|Any CPU
		{DA198355-33FE-4731-A2E4-203B6BCD0D0B}.Debug|x86.Build.0 = Debug|Any CPU
		{DA198355-33FE-4731-A2E4-203B6BCD0D0B}.Release|Any CPU.ActiveCfg = Release|Any CPU
		{DA198355-33FE-4731-A2E4-203B6BCD0D0B}.Release|Any CPU.Build.0 = Release|Any CPU
		{DA198355-33FE-4731-A2E4-203B6BCD0D0B}.Release|ARM.ActiveCfg = Release|Any CPU
		{DA198355-33FE-4731-A2E4-203B6BCD0D0B}.Release|ARM.Build.0 = Release|Any CPU
		{DA198355-33FE-4731-A2E4-203B6BCD0D0B}.Release|iPhone.ActiveCfg = Release|Any CPU
		{DA198355-33FE-4731-A2E4-203B6BCD0D0B}.Release|iPhone.Build.0 = Release|Any CPU
		{DA198355-33FE-4731-A2E4-203B6BCD0D0B}.Release|iPhoneSimulator.ActiveCfg = Release|Any CPU
		{DA198355-33FE-4731-A2E4-203B6BCD0D0B}.Release|iPhoneSimulator.Build.0 = Release|Any CPU
		{DA198355-33FE-4731-A2E4-203B6BCD0D0B}.Release|x64.ActiveCfg = Release|Any CPU
		{DA198355-33FE-4731-A2E4-203B6BCD0D0B}.Release|x64.Build.0 = Release|Any CPU
		{DA198355-33FE-4731-A2E4-203B6BCD0D0B}.Release|x86.ActiveCfg = Release|Any CPU
		{DA198355-33FE-4731-A2E4-203B6BCD0D0B}.Release|x86.Build.0 = Release|Any CPU
	EndGlobalSection
	GlobalSection(SolutionProperties) = preSolution
		HideSolutionNode = FALSE
	EndGlobalSection
	GlobalSection(ExtensibilityGlobals) = postSolution
		SolutionGuid = {BBE9B0F5-9BA9-4796-8232-E5F3AE9A214F}
	EndGlobalSection
EndGlobal
